
Microsoft Visual Studio Solution File, Format Version 12.00
# Visual Studio 15
VisualStudioVersion = 15.0.26730.10
MinimumVisualStudioVersion = 10.0.40219.1
Project("{FAE04EC0-301F-11D3-BF4B-00C04F79EFBC}") = "SpaceAllianceDiscordBot", "SpaceAllianceDiscordBot\SpaceAllianceDiscordBot.csproj", "{B3DBCA30-BFE4-4E42-A1BD-A7A31AD6ADF7}"
EndProject
Global
	GlobalSection(SolutionConfigurationPlatforms) = preSolution
		Debug|Any CPU = Debug|Any CPU
		Release|Any CPU = Release|Any CPU
	EndGlobalSection
	GlobalSection(ProjectConfigurationPlatforms) = postSolution
		{B3DBCA30-BFE4-4E42-A1BD-A7A31AD6ADF7}.Debug|Any CPU.ActiveCfg = Debug|Any CPU
		{B3DBCA30-BFE4-4E42-A1BD-A7A31AD6ADF7}.Debug|Any CPU.Build.0 = Debug|Any CPU
		{B3DBCA30-BFE4-4E42-A1BD-A7A31AD6ADF7}.Release|Any CPU.ActiveCfg = Release|Any CPU
		{B3DBCA30-BFE4-4E42-A1BD-A7A31AD6ADF7}.Release|Any CPU.Build.0 = Release|Any CPU
	EndGlobalSection
	GlobalSection(SolutionProperties) = preSolution
		HideSolutionNode = FALSE
	EndGlobalSection
	GlobalSection(ExtensibilityGlobals) = postSolution
		SolutionGuid = {786A2357-44FB-42FE-85F8-46EA6F0AC5A8}
	EndGlobalSection
EndGlobal
